# This file is autogenerated, do not edit; changes may be undone by the next 'dep ensure'.


[[projects]]
  name = "github.com/guregu/null"
  packages = ["."]
  revision = "41961cea0328defc5f95c1c473f89ebf0d1813f6"
  version = "v3.1"

[[projects]]
  name = "github.com/julienschmidt/httprouter"
  packages = ["."]
  revision = "8c199fb6259ffc1af525cc3ad52ee60ba8359669"
  version = "v1.1"

[solve-meta]
  analyzer-name = "dep"
  analyzer-version = 1
  inputs-digest = "bf9c446cb9ae70a758dd05b82b2c9a7f81513bbb0ac29aab78a2ba74a410fca8"
  solver-name = "gps-cdcl"
  solver-version = 1
